
Microsoft Visual Studio Solution File, Format Version 12.00
# Visual Studio Version 17
VisualStudioVersion = 17.11.35303.130
MinimumVisualStudioVersion = 10.0.40219.1
Project("{FAE04EC0-301F-11D3-BF4B-00C04F79EFBC}") = "Week02DemoB", "Week02DemoB.csproj", "{3BFD8748-6D1A-4D31-B981-39C13DFA47D7}"
EndProject
Global
	GlobalSection(SolutionConfigurationPlatforms) = preSolution
		Debug|Any CPU = Debug|Any CPU
		Release|Any CPU = Release|Any CPU
	EndGlobalSection
	GlobalSection(ProjectConfigurationPlatforms) = postSolution
		{3BFD8748-6D1A-4D31-B981-39C13DFA47D7}.Debug|Any CPU.ActiveCfg = Debug|Any CPU
		{3BFD8748-6D1A-4D31-B981-39C13DFA47D7}.Debug|Any CPU.Build.0 = Debug|Any CPU
		{3BFD8748-6D1A-4D31-B981-39C13DFA47D7}.Release|Any CPU.ActiveCfg = Release|Any CPU
		{3BFD8748-6D1A-4D31-B981-39C13DFA47D7}.Release|Any CPU.Build.0 = Release|Any CPU
	EndGlobalSection
	GlobalSection(SolutionProperties) = preSolution
		HideSolutionNode = FALSE
	EndGlobalSection
	GlobalSection(ExtensibilityGlobals) = postSolution
		SolutionGuid = {FE0BEAF5-8A87-4337-A213-D0FAF5A9DF63}
	EndGlobalSection
EndGlobal
