
Microsoft Visual Studio Solution File, Format Version 12.00
# Visual Studio Version 17
VisualStudioVersion = 17.11.35303.130
MinimumVisualStudioVersion = 10.0.40219.1
Project("{FAE04EC0-301F-11D3-BF4B-00C04F79EFBC}") = "Assignment 1– Tic-Tac-Toe", "Assignment 1– Tic-Tac-Toe\Assignment 1– Tic-Tac-Toe.csproj", "{56F2DEAF-AE15-4682-902D-A5CA9EC3FA0C}"
EndProject
Project("{FAE04EC0-301F-11D3-BF4B-00C04F79EFBC}") = "Assignment 2 BattelmanShip", "Assignment 2 BattelmanShip\Assignment 2 BattelmanShip.csproj", "{64EB01F6-CFEA-4A34-A1D0-E354F4BAA832}"
EndProject
Project("{FAE04EC0-301F-11D3-BF4B-00C04F79EFBC}") = "Assignment 3D&D", "Assignment 3D&D\Assignment 3D&D.csproj", "{D91AD963-590C-4D9F-B78F-8A8DF53D7595}"
EndProject
Project("{FAE04EC0-301F-11D3-BF4B-00C04F79EFBC}") = "Assignment 4 Minecraft", "Assignment 4 Minecraft\Assignment 4 Minecraft.csproj", "{38CCC91A-A6A1-4064-B01B-54CCE712F70B}"
EndProject
Project("{FAE04EC0-301F-11D3-BF4B-00C04F79EFBC}") = "Assignment5GameReview", "Assignment5\Assignment5GameReview.csproj", "{93A551B0-5268-4032-9901-60740189D3CD}"
EndProject
Project("{FAE04EC0-301F-11D3-BF4B-00C04F79EFBC}") = "Final Project", "Final Project\Final Project.csproj", "{DD765F31-376B-4F96-A8C5-2002C50557B5}"
EndProject
Global
	GlobalSection(SolutionConfigurationPlatforms) = preSolution
		Debug|Any CPU = Debug|Any CPU
		Release|Any CPU = Release|Any CPU
	EndGlobalSection
	GlobalSection(ProjectConfigurationPlatforms) = postSolution
		{56F2DEAF-AE15-4682-902D-A5CA9EC3FA0C}.Debug|Any CPU.ActiveCfg = Debug|Any CPU
		{56F2DEAF-AE15-4682-902D-A5CA9EC3FA0C}.Debug|Any CPU.Build.0 = Debug|Any CPU
		{56F2DEAF-AE15-4682-902D-A5CA9EC3FA0C}.Release|Any CPU.ActiveCfg = Release|Any CPU
		{56F2DEAF-AE15-4682-902D-A5CA9EC3FA0C}.Release|Any CPU.Build.0 = Release|Any CPU
		{64EB01F6-CFEA-4A34-A1D0-E354F4BAA832}.Debug|Any CPU.ActiveCfg = Debug|Any CPU
		{64EB01F6-CFEA-4A34-A1D0-E354F4BAA832}.Debug|Any CPU.Build.0 = Debug|Any CPU
		{64EB01F6-CFEA-4A34-A1D0-E354F4BAA832}.Release|Any CPU.ActiveCfg = Release|Any CPU
		{64EB01F6-CFEA-4A34-A1D0-E354F4BAA832}.Release|Any CPU.Build.0 = Release|Any CPU
		{D91AD963-590C-4D9F-B78F-8A8DF53D7595}.Debug|Any CPU.ActiveCfg = Debug|Any CPU
		{D91AD963-590C-4D9F-B78F-8A8DF53D7595}.Debug|Any CPU.Build.0 = Debug|Any CPU
		{D91AD963-590C-4D9F-B78F-8A8DF53D7595}.Release|Any CPU.ActiveCfg = Release|Any CPU
		{D91AD963-590C-4D9F-B78F-8A8DF53D7595}.Release|Any CPU.Build.0 = Release|Any CPU
		{38CCC91A-A6A1-4064-B01B-54CCE712F70B}.Debug|Any CPU.ActiveCfg = Debug|Any CPU
		{38CCC91A-A6A1-4064-B01B-54CCE712F70B}.Debug|Any CPU.Build.0 = Debug|Any CPU
		{38CCC91A-A6A1-4064-B01B-54CCE712F70B}.Release|Any CPU.ActiveCfg = Release|Any CPU
		{38CCC91A-A6A1-4064-B01B-54CCE712F70B}.Release|Any CPU.Build.0 = Release|Any CPU
		{93A551B0-5268-4032-9901-60740189D3CD}.Debug|Any CPU.ActiveCfg = Debug|Any CPU
		{93A551B0-5268-4032-9901-60740189D3CD}.Debug|Any CPU.Build.0 = Debug|Any CPU
		{93A551B0-5268-4032-9901-60740189D3CD}.Release|Any CPU.ActiveCfg = Release|Any CPU
		{93A551B0-5268-4032-9901-60740189D3CD}.Release|Any CPU.Build.0 = Release|Any CPU
		{DD765F31-376B-4F96-A8C5-2002C50557B5}.Debug|Any CPU.ActiveCfg = Debug|Any CPU
		{DD765F31-376B-4F96-A8C5-2002C50557B5}.Debug|Any CPU.Build.0 = Debug|Any CPU
		{DD765F31-376B-4F96-A8C5-2002C50557B5}.Release|Any CPU.ActiveCfg = Release|Any CPU
		{DD765F31-376B-4F96-A8C5-2002C50557B5}.Release|Any CPU.Build.0 = Release|Any CPU
	EndGlobalSection
	GlobalSection(SolutionProperties) = preSolution
		HideSolutionNode = FALSE
	EndGlobalSection
	GlobalSection(ExtensibilityGlobals) = postSolution
		SolutionGuid = {9F0C4896-8836-418E-9627-CC7EC177CE98}
	EndGlobalSection
EndGlobal
