
Microsoft Visual Studio Solution File, Format Version 12.00
# Visual Studio Version 17
VisualStudioVersion = 17.11.35303.130
MinimumVisualStudioVersion = 10.0.40219.1
Project("{FAE04EC0-301F-11D3-BF4B-00C04F79EFBC}") = "Week06DemoA_DroidFactory", "Week06DemoA_DroidFactory.csproj", "{59A64FD5-C18A-49CD-916C-AFC41A39E1E9}"
EndProject
Global
	GlobalSection(SolutionConfigurationPlatforms) = preSolution
		Debug|Any CPU = Debug|Any CPU
		Release|Any CPU = Release|Any CPU
	EndGlobalSection
	GlobalSection(ProjectConfigurationPlatforms) = postSolution
		{59A64FD5-C18A-49CD-916C-AFC41A39E1E9}.Debug|Any CPU.ActiveCfg = Debug|Any CPU
		{59A64FD5-C18A-49CD-916C-AFC41A39E1E9}.Debug|Any CPU.Build.0 = Debug|Any CPU
		{59A64FD5-C18A-49CD-916C-AFC41A39E1E9}.Release|Any CPU.ActiveCfg = Release|Any CPU
		{59A64FD5-C18A-49CD-916C-AFC41A39E1E9}.Release|Any CPU.Build.0 = Release|Any CPU
	EndGlobalSection
	GlobalSection(SolutionProperties) = preSolution
		HideSolutionNode = FALSE
	EndGlobalSection
	GlobalSection(ExtensibilityGlobals) = postSolution
		SolutionGuid = {2BEAA624-ED8D-4F39-8FC7-FE65D6595F30}
	EndGlobalSection
EndGlobal
